
Microsoft Visual Studio Solution File, Format Version 12.00
# Visual Studio Version 17
VisualStudioVersion = 17.5.002.0
MinimumVisualStudioVersion = 10.0.40219.1
Project("{9A19103F-16F7-4668-BE54-9A1E7A4F7556}") = "sheep", "sheep\sheep.csproj", "{76CD1634-E3EE-4DA6-A59B-4D9075D72F36}"
EndProject
Global
	GlobalSection(SolutionConfigurationPlatforms) = preSolution
		Debug|Any CPU = Debug|Any CPU
		Release|Any CPU = Release|Any CPU
	EndGlobalSection
	GlobalSection(ProjectConfigurationPlatforms) = postSolution
		{76CD1634-E3EE-4DA6-A59B-4D9075D72F36}.Debug|Any CPU.ActiveCfg = Debug|Any CPU
		{76CD1634-E3EE-4DA6-A59B-4D9075D72F36}.Debug|Any CPU.Build.0 = Debug|Any CPU
		{76CD1634-E3EE-4DA6-A59B-4D9075D72F36}.Release|Any CPU.ActiveCfg = Release|Any CPU
		{76CD1634-E3EE-4DA6-A59B-4D9075D72F36}.Release|Any CPU.Build.0 = Release|Any CPU
	EndGlobalSection
	GlobalSection(SolutionProperties) = preSolution
		HideSolutionNode = FALSE
	EndGlobalSection
	GlobalSection(ExtensibilityGlobals) = postSolution
		SolutionGuid = {94BC255B-E803-4A73-BA0B-D0C3B6AF49BF}
	EndGlobalSection
EndGlobal
